
Microsoft Visual Studio Solution File, Format Version 12.00
# Visual Studio Version 17
VisualStudioVersion = 17.14.36221.1 d17.14
MinimumVisualStudioVersion = 10.0.40219.1
Project("{FAE04EC0-301F-11D3-BF4B-00C04F79EFBC}") = "PartnersPageGenerator", "PartnersPageGenerator.csproj", "{F6AD8EDF-1346-DBA3-E9C3-DA204251E325}"
EndProject
Global
	GlobalSection(SolutionConfigurationPlatforms) = preSolution
		Debug|Any CPU = Debug|Any CPU
		Release|Any CPU = Release|Any CPU
	EndGlobalSection
	GlobalSection(ProjectConfigurationPlatforms) = postSolution
		{F6AD8EDF-1346-DBA3-E9C3-DA204251E325}.Debug|Any CPU.ActiveCfg = Debug|Any CPU
		{F6AD8EDF-1346-DBA3-E9C3-DA204251E325}.Debug|Any CPU.Build.0 = Debug|Any CPU
		{F6AD8EDF-1346-DBA3-E9C3-DA204251E325}.Release|Any CPU.ActiveCfg = Release|Any CPU
		{F6AD8EDF-1346-DBA3-E9C3-DA204251E325}.Release|Any CPU.Build.0 = Release|Any CPU
	EndGlobalSection
	GlobalSection(SolutionProperties) = preSolution
		HideSolutionNode = FALSE
	EndGlobalSection
	GlobalSection(ExtensibilityGlobals) = postSolution
		SolutionGuid = {1C7EE29D-AFD2-4BF5-81E3-37162C070783}
	EndGlobalSection
EndGlobal
